
Microsoft Visual Studio Solution File, Format Version 12.00
# Visual Studio Version 17
VisualStudioVersion = 17.14.37027.9 d17.14
MinimumVisualStudioVersion = 10.0.40219.1
Project("{FAE04EC0-301F-11D3-BF4B-00C04F79EFBC}") = "UDKCompressionWPF", "UDKCompressionWPF.csproj", "{4E0493AF-2E79-4E21-BC8D-0E68FDF32B03}"
EndProject
Global
	GlobalSection(SolutionConfigurationPlatforms) = preSolution
		Debug|Any CPU = Debug|Any CPU
		Release|Any CPU = Release|Any CPU
	EndGlobalSection
	GlobalSection(ProjectConfigurationPlatforms) = postSolution
		{4E0493AF-2E79-4E21-BC8D-0E68FDF32B03}.Debug|Any CPU.ActiveCfg = Debug|Any CPU
		{4E0493AF-2E79-4E21-BC8D-0E68FDF32B03}.Debug|Any CPU.Build.0 = Debug|Any CPU
		{4E0493AF-2E79-4E21-BC8D-0E68FDF32B03}.Release|Any CPU.ActiveCfg = Release|Any CPU
		{4E0493AF-2E79-4E21-BC8D-0E68FDF32B03}.Release|Any CPU.Build.0 = Release|Any CPU
	EndGlobalSection
	GlobalSection(SolutionProperties) = preSolution
		HideSolutionNode = FALSE
	EndGlobalSection
	GlobalSection(ExtensibilityGlobals) = postSolution
		SolutionGuid = {7C26E7BF-0F45-4786-9CC9-C29B6DDF4981}
	EndGlobalSection
EndGlobal
